
Microsoft Visual Studio Solution File, Format Version 12.00
# Visual Studio 15
VisualStudioVersion = 15.0.28307.271
MinimumVisualStudioVersion = 10.0.40219.1
Project("{FAE04EC0-301F-11D3-BF4B-00C04F79EFBC}") = "font-maker", "font-maker\font-maker.csproj", "{D8DBA6D2-4CC7-40EF-8ABA-548D11BA492C}"
EndProject
Global
	GlobalSection(SolutionConfigurationPlatforms) = preSolution
		Debug|Any CPU = Debug|Any CPU
		Release|Any CPU = Release|Any CPU
	EndGlobalSection
	GlobalSection(ProjectConfigurationPlatforms) = postSolution
		{D8DBA6D2-4CC7-40EF-8ABA-548D11BA492C}.Debug|Any CPU.ActiveCfg = Debug|Any CPU
		{D8DBA6D2-4CC7-40EF-8ABA-548D11BA492C}.Debug|Any CPU.Build.0 = Debug|Any CPU
		{D8DBA6D2-4CC7-40EF-8ABA-548D11BA492C}.Release|Any CPU.ActiveCfg = Release|Any CPU
		{D8DBA6D2-4CC7-40EF-8ABA-548D11BA492C}.Release|Any CPU.Build.0 = Release|Any CPU
	EndGlobalSection
	GlobalSection(SolutionProperties) = preSolution
		HideSolutionNode = FALSE
	EndGlobalSection
	GlobalSection(ExtensibilityGlobals) = postSolution
		SolutionGuid = {AE838AC1-C7A2-4808-884E-D1501B5176DB}
	EndGlobalSection
EndGlobal
